
Microsoft Visual Studio Solution File, Format Version 12.00
# Visual Studio Version 16
VisualStudioVersion = 16.0.32413.511
MinimumVisualStudioVersion = 10.0.40219.1
Project("{FAE04EC0-301F-11D3-BF4B-00C04F79EFBC}") = "basic_test", "basic_test\basic_test.csproj", "{33592E17-4B55-48EA-9D4B-4DE252003CD4}"
EndProject
Project("{FAE04EC0-301F-11D3-BF4B-00C04F79EFBC}") = "global-mq-csharp", "..\..\global-mq-marshalling\library-csharp\global-mq-csharp.csproj", "{0C7BF68E-E95C-45B5-A989-4C147B34D5D3}"
EndProject
Global
	GlobalSection(SolutionConfigurationPlatforms) = preSolution
		Debug|Any CPU = Debug|Any CPU
		Release|Any CPU = Release|Any CPU
	EndGlobalSection
	GlobalSection(ProjectConfigurationPlatforms) = postSolution
		{33592E17-4B55-48EA-9D4B-4DE252003CD4}.Debug|Any CPU.ActiveCfg = Debug|Any CPU
		{33592E17-4B55-48EA-9D4B-4DE252003CD4}.Debug|Any CPU.Build.0 = Debug|Any CPU
		{33592E17-4B55-48EA-9D4B-4DE252003CD4}.Release|Any CPU.ActiveCfg = Release|Any CPU
		{33592E17-4B55-48EA-9D4B-4DE252003CD4}.Release|Any CPU.Build.0 = Release|Any CPU
		{0C7BF68E-E95C-45B5-A989-4C147B34D5D3}.Debug|Any CPU.ActiveCfg = Debug|Any CPU
		{0C7BF68E-E95C-45B5-A989-4C147B34D5D3}.Debug|Any CPU.Build.0 = Debug|Any CPU
		{0C7BF68E-E95C-45B5-A989-4C147B34D5D3}.Release|Any CPU.ActiveCfg = Release|Any CPU
		{0C7BF68E-E95C-45B5-A989-4C147B34D5D3}.Release|Any CPU.Build.0 = Release|Any CPU
	EndGlobalSection
	GlobalSection(SolutionProperties) = preSolution
		HideSolutionNode = FALSE
	EndGlobalSection
	GlobalSection(ExtensibilityGlobals) = postSolution
		SolutionGuid = {7D45BFDB-7B20-427F-B3C7-4295AA097771}
	EndGlobalSection
EndGlobal
